
Microsoft Visual Studio Solution File, Format Version 12.00
# Visual Studio 15
VisualStudioVersion = 15.0.27703.2000
MinimumVisualStudioVersion = 10.0.40219.1
Project("{FAE04EC0-301F-11D3-BF4B-00C04F79EFBC}") = "Orcbolg.Dsp", "Orcbolg.Dsp\Orcbolg.Dsp.csproj", "{5DDFBD63-EE78-4888-A3A6-54AC5026A2EC}"
EndProject
Project("{FAE04EC0-301F-11D3-BF4B-00C04F79EFBC}") = "Rockon", "Rockon\Rockon.csproj", "{D251BBAA-C1CE-409D-B088-89B54764B3DC}"
EndProject
Project("{FAE04EC0-301F-11D3-BF4B-00C04F79EFBC}") = "Orcbolg.Recog", "Orcbolg.Recog\Orcbolg.Recog.csproj", "{5CA99A31-5562-49CD-9990-B8E2CD2A1D6E}"
EndProject
Project("{FAE04EC0-301F-11D3-BF4B-00C04F79EFBC}") = "Workspace", "Workspace\Workspace.csproj", "{B6E4BB8D-ECF4-4AB2-A26B-C846AD43AE05}"
EndProject
Project("{FAE04EC0-301F-11D3-BF4B-00C04F79EFBC}") = "Orcbolg.Dsp.Test", "Orcbolg.Dsp.Test\Orcbolg.Dsp.Test.csproj", "{C696FC4E-C519-4D11-A247-D4CF3F058C7A}"
EndProject
Project("{FAE04EC0-301F-11D3-BF4B-00C04F79EFBC}") = "Orcbolg.Recog.Test", "Orcbolg.Recog.Test\Orcbolg.Recog.Test.csproj", "{249DAB75-C64C-42CB-B3A3-65B76D7808E3}"
EndProject
Global
	GlobalSection(SolutionConfigurationPlatforms) = preSolution
		Debug|Any CPU = Debug|Any CPU
		Release|Any CPU = Release|Any CPU
	EndGlobalSection
	GlobalSection(ProjectConfigurationPlatforms) = postSolution
		{5DDFBD63-EE78-4888-A3A6-54AC5026A2EC}.Debug|Any CPU.ActiveCfg = Debug|Any CPU
		{5DDFBD63-EE78-4888-A3A6-54AC5026A2EC}.Debug|Any CPU.Build.0 = Debug|Any CPU
		{5DDFBD63-EE78-4888-A3A6-54AC5026A2EC}.Release|Any CPU.ActiveCfg = Release|Any CPU
		{5DDFBD63-EE78-4888-A3A6-54AC5026A2EC}.Release|Any CPU.Build.0 = Release|Any CPU
		{D251BBAA-C1CE-409D-B088-89B54764B3DC}.Debug|Any CPU.ActiveCfg = Debug|Any CPU
		{D251BBAA-C1CE-409D-B088-89B54764B3DC}.Debug|Any CPU.Build.0 = Debug|Any CPU
		{D251BBAA-C1CE-409D-B088-89B54764B3DC}.Release|Any CPU.ActiveCfg = Release|Any CPU
		{D251BBAA-C1CE-409D-B088-89B54764B3DC}.Release|Any CPU.Build.0 = Release|Any CPU
		{5CA99A31-5562-49CD-9990-B8E2CD2A1D6E}.Debug|Any CPU.ActiveCfg = Debug|Any CPU
		{5CA99A31-5562-49CD-9990-B8E2CD2A1D6E}.Debug|Any CPU.Build.0 = Debug|Any CPU
		{5CA99A31-5562-49CD-9990-B8E2CD2A1D6E}.Release|Any CPU.ActiveCfg = Release|Any CPU
		{5CA99A31-5562-49CD-9990-B8E2CD2A1D6E}.Release|Any CPU.Build.0 = Release|Any CPU
		{B6E4BB8D-ECF4-4AB2-A26B-C846AD43AE05}.Debug|Any CPU.ActiveCfg = Debug|Any CPU
		{B6E4BB8D-ECF4-4AB2-A26B-C846AD43AE05}.Debug|Any CPU.Build.0 = Debug|Any CPU
		{B6E4BB8D-ECF4-4AB2-A26B-C846AD43AE05}.Release|Any CPU.ActiveCfg = Release|Any CPU
		{B6E4BB8D-ECF4-4AB2-A26B-C846AD43AE05}.Release|Any CPU.Build.0 = Release|Any CPU
		{C696FC4E-C519-4D11-A247-D4CF3F058C7A}.Debug|Any CPU.ActiveCfg = Debug|Any CPU
		{C696FC4E-C519-4D11-A247-D4CF3F058C7A}.Debug|Any CPU.Build.0 = Debug|Any CPU
		{C696FC4E-C519-4D11-A247-D4CF3F058C7A}.Release|Any CPU.ActiveCfg = Release|Any CPU
		{C696FC4E-C519-4D11-A247-D4CF3F058C7A}.Release|Any CPU.Build.0 = Release|Any CPU
		{249DAB75-C64C-42CB-B3A3-65B76D7808E3}.Debug|Any CPU.ActiveCfg = Debug|Any CPU
		{249DAB75-C64C-42CB-B3A3-65B76D7808E3}.Debug|Any CPU.Build.0 = Debug|Any CPU
		{249DAB75-C64C-42CB-B3A3-65B76D7808E3}.Release|Any CPU.ActiveCfg = Release|Any CPU
		{249DAB75-C64C-42CB-B3A3-65B76D7808E3}.Release|Any CPU.Build.0 = Release|Any CPU
	EndGlobalSection
	GlobalSection(SolutionProperties) = preSolution
		HideSolutionNode = FALSE
	EndGlobalSection
	GlobalSection(ExtensibilityGlobals) = postSolution
		SolutionGuid = {6B71AFC3-1104-40E4-A3C1-7FAC3728CA7F}
	EndGlobalSection
EndGlobal
